
Microsoft Visual Studio Solution File, Format Version 12.00
# Visual Studio Version 17
VisualStudioVersion = 17.5.002.0
MinimumVisualStudioVersion = 10.0.40219.1
Project("{9A19103F-16F7-4668-BE54-9A1E7A4F7556}") = "back", "back\back.csproj", "{2B33B40F-4F28-4985-A032-57FF47E376A5}"
EndProject
Global
	GlobalSection(SolutionConfigurationPlatforms) = preSolution
		Debug|Any CPU = Debug|Any CPU
		Release|Any CPU = Release|Any CPU
	EndGlobalSection
	GlobalSection(ProjectConfigurationPlatforms) = postSolution
		{2B33B40F-4F28-4985-A032-57FF47E376A5}.Debug|Any CPU.ActiveCfg = Debug|Any CPU
		{2B33B40F-4F28-4985-A032-57FF47E376A5}.Debug|Any CPU.Build.0 = Debug|Any CPU
		{2B33B40F-4F28-4985-A032-57FF47E376A5}.Release|Any CPU.ActiveCfg = Release|Any CPU
		{2B33B40F-4F28-4985-A032-57FF47E376A5}.Release|Any CPU.Build.0 = Release|Any CPU
	EndGlobalSection
	GlobalSection(SolutionProperties) = preSolution
		HideSolutionNode = FALSE
	EndGlobalSection
	GlobalSection(ExtensibilityGlobals) = postSolution
		SolutionGuid = {AD8D90CE-75EA-4055-8F71-028A059A50F1}
	EndGlobalSection
EndGlobal
